
Microsoft Visual Studio Solution File, Format Version 12.00
# Visual Studio Version 17
VisualStudioVersion = 17.14.36511.14
MinimumVisualStudioVersion = 10.0.40219.1
Project("{2150E333-8FDC-42A3-9474-1A3956D46DE8}") = "Task0", "Task0", "{02EA681E-C7D8-13C7-8484-4AC65E1B71E8}"
EndProject
Project("{FAE04EC0-301F-11D3-BF4B-00C04F79EFBC}") = "Tyuiu.AristovaAK.Sprint2.Task0.V20", "Tyuiu.AristovaAK.Sprint2.Task0.V20\Tyuiu.AristovaAK.Sprint2.Task0.V20.csproj", "{AE003D02-7907-4801-B807-0505ACB6570F}"
EndProject
Project("{FAE04EC0-301F-11D3-BF4B-00C04F79EFBC}") = "Tyuiu.AristovaAK.Sprint2.Task0.V20.Test", "Tyuiu.AristovaAK.Sprint2.Task0.V20.Test\Tyuiu.AristovaAK.Sprint2.Task0.V20.Test.csproj", "{74E23EDE-6B7C-4A83-A2A7-9396E2210765}"
EndProject
Project("{FAE04EC0-301F-11D3-BF4B-00C04F79EFBC}") = "Tyuiu.AristovaAK.Sprint2.Task0.V20.Lib", "Tyuiu.AristovaAK.Sprint2.Task0.V20.Lib\Tyuiu.AristovaAK.Sprint2.Task0.V20.Lib.csproj", "{A7BE40E1-BE66-460C-9427-DFC5F27E12C8}"
EndProject
Project("{2150E333-8FDC-42A3-9474-1A3956D46DE8}") = "Task1", "Task1", "{1C29AABB-90CA-46CB-B1B8-733EFFDF4FC9}"
EndProject
Project("{FAE04EC0-301F-11D3-BF4B-00C04F79EFBC}") = "Tyuiu.AristovaAK.Sprint2.Task1.V11", "Tyuiu.AristovaAK.Sprint2.Task1.V11\Tyuiu.AristovaAK.Sprint2.Task1.V11.csproj", "{D78297AE-5C10-4684-B4B8-6E4D2C3C5E96}"
EndProject
Project("{FAE04EC0-301F-11D3-BF4B-00C04F79EFBC}") = "Tyuiu.AristovaAK.Sprint2.Task1.V11.Lib", "Tyuiu.AristovaAK.Sprint2.Task1.V11.Lib\Tyuiu.AristovaAK.Sprint2.Task1.V11.Lib.csproj", "{16042710-B559-41AF-BF40-96413C222258}"
EndProject
Project("{FAE04EC0-301F-11D3-BF4B-00C04F79EFBC}") = "Tyuiu.AristovaAK.Sprint2.Task1.V11.Test", "Tyuiu.AristovaAK.Sprint2.Task1.V11.Test\Tyuiu.AristovaAK.Sprint2.Task1.V11.Test.csproj", "{8BFB1E12-7C7D-4800-AD8B-21B9BB9DC592}"
EndProject
Project("{2150E333-8FDC-42A3-9474-1A3956D46DE8}") = "Task2", "Task2", "{C83E624B-0F7D-4A44-A595-E94545272980}"
EndProject
Project("{FAE04EC0-301F-11D3-BF4B-00C04F79EFBC}") = "Tyuiu.AristovaAK.Sprint2.Task2.V8", "Tyuiu.AristovaAK.Sprint2.Task2.V8\Tyuiu.AristovaAK.Sprint2.Task2.V8.csproj", "{656CC43D-D914-40AF-826E-E87D178AE4BA}"
EndProject
Project("{FAE04EC0-301F-11D3-BF4B-00C04F79EFBC}") = "Tyuiu.AristovaAK.Sprint2.Task2.V8.Test", "Tyuiu.AristovaAK.Sprint2.Task2.V8.Test\Tyuiu.AristovaAK.Sprint2.Task2.V8.Test.csproj", "{766BA59A-0982-4429-A32A-4F50A6F49C99}"
EndProject
Project("{FAE04EC0-301F-11D3-BF4B-00C04F79EFBC}") = "Tyuiu.AristovaAK.Sprint2.Task2.V8.Lib", "Tyuiu.AristovaAK.Sprint2.Task2.V8.Lib\Tyuiu.AristovaAK.Sprint2.Task2.V8.Lib.csproj", "{7C02D1E7-F613-4C7C-9C78-C146E12FAD98}"
EndProject
Project("{2150E333-8FDC-42A3-9474-1A3956D46DE8}") = "Task3", "Task3", "{9B1844E4-3D5C-415C-A715-96857B654994}"
EndProject
Project("{FAE04EC0-301F-11D3-BF4B-00C04F79EFBC}") = "Tyuiu.AristovaAK.Sprint2.Task3.V14", "Tyuiu.AristovaAK.Sprint2.Task3.V14\Tyuiu.AristovaAK.Sprint2.Task3.V14.csproj", "{1D90B769-1AE4-481C-BB30-EC55D8DC7833}"
EndProject
Project("{FAE04EC0-301F-11D3-BF4B-00C04F79EFBC}") = "Tyuiu.AristovaAK.Sprint2.Task3.V14.Lib", "Tyuiu.AristovaAK.Sprint2.Task3.V14.Lib\Tyuiu.AristovaAK.Sprint2.Task3.V14.Lib.csproj", "{63D139AD-C0EA-40FE-BDDE-E5831FB732C8}"
EndProject
Project("{FAE04EC0-301F-11D3-BF4B-00C04F79EFBC}") = "Tyuiu.AristovaAK.Sprint2.Task3.V14.Test", "Tyuiu.AristovaAK.Sprint2.Task3.V14.Test\Tyuiu.AristovaAK.Sprint2.Task3.V14.Test.csproj", "{8DE68208-B849-496D-BA6F-CED73CDB3F19}"
EndProject
Project("{2150E333-8FDC-42A3-9474-1A3956D46DE8}") = "Task4", "Task4", "{8C8F8FDC-7CCD-4D16-91B7-FC5FC129DF1F}"
EndProject
Project("{FAE04EC0-301F-11D3-BF4B-00C04F79EFBC}") = "Tyuiu.AristovaAK.Sprint2.Task4.V17", "Tyuiu.AristovaAK.Sprint2.Task4.V17\Tyuiu.AristovaAK.Sprint2.Task4.V17.csproj", "{20833895-F05D-4E4B-A02E-E69E1A2AB2D4}"
EndProject
Project("{FAE04EC0-301F-11D3-BF4B-00C04F79EFBC}") = "Tyuiu.AristovaAK.Sprint2.Task4.V17.Test", "Tyuiu.AristovaAK.Sprint2.Task4.V17.Test\Tyuiu.AristovaAK.Sprint2.Task4.V17.Test.csproj", "{481EEF07-C50C-46D0-B9E1-CBC4913D5DAD}"
EndProject
Project("{FAE04EC0-301F-11D3-BF4B-00C04F79EFBC}") = "Tyuiu.AristovaAK.Sprint2.Task4.V17.Lib", "Tyuiu.AristovaAK.Sprint2.Task4.V17.Lib\Tyuiu.AristovaAK.Sprint2.Task4.V17.Lib.csproj", "{E7EBC7D8-D4B0-4D77-86A7-5203A9F3D167}"
EndProject
Global
	GlobalSection(SolutionConfigurationPlatforms) = preSolution
		Debug|Any CPU = Debug|Any CPU
		Release|Any CPU = Release|Any CPU
	EndGlobalSection
	GlobalSection(ProjectConfigurationPlatforms) = postSolution
		{AE003D02-7907-4801-B807-0505ACB6570F}.Debug|Any CPU.ActiveCfg = Debug|Any CPU
		{AE003D02-7907-4801-B807-0505ACB6570F}.Debug|Any CPU.Build.0 = Debug|Any CPU
		{AE003D02-7907-4801-B807-0505ACB6570F}.Release|Any CPU.ActiveCfg = Release|Any CPU
		{AE003D02-7907-4801-B807-0505ACB6570F}.Release|Any CPU.Build.0 = Release|Any CPU
		{74E23EDE-6B7C-4A83-A2A7-9396E2210765}.Debug|Any CPU.ActiveCfg = Debug|Any CPU
		{74E23EDE-6B7C-4A83-A2A7-9396E2210765}.Debug|Any CPU.Build.0 = Debug|Any CPU
		{74E23EDE-6B7C-4A83-A2A7-9396E2210765}.Release|Any CPU.ActiveCfg = Release|Any CPU
		{74E23EDE-6B7C-4A83-A2A7-9396E2210765}.Release|Any CPU.Build.0 = Release|Any CPU
		{A7BE40E1-BE66-460C-9427-DFC5F27E12C8}.Debug|Any CPU.ActiveCfg = Debug|Any CPU
		{A7BE40E1-BE66-460C-9427-DFC5F27E12C8}.Debug|Any CPU.Build.0 = Debug|Any CPU
		{A7BE40E1-BE66-460C-9427-DFC5F27E12C8}.Release|Any CPU.ActiveCfg = Release|Any CPU
		{A7BE40E1-BE66-460C-9427-DFC5F27E12C8}.Release|Any CPU.Build.0 = Release|Any CPU
		{D78297AE-5C10-4684-B4B8-6E4D2C3C5E96}.Debug|Any CPU.ActiveCfg = Debug|Any CPU
		{D78297AE-5C10-4684-B4B8-6E4D2C3C5E96}.Debug|Any CPU.Build.0 = Debug|Any CPU
		{D78297AE-5C10-4684-B4B8-6E4D2C3C5E96}.Release|Any CPU.ActiveCfg = Release|Any CPU
		{D78297AE-5C10-4684-B4B8-6E4D2C3C5E96}.Release|Any CPU.Build.0 = Release|Any CPU
		{16042710-B559-41AF-BF40-96413C222258}.Debug|Any CPU.ActiveCfg = Debug|Any CPU
		{16042710-B559-41AF-BF40-96413C222258}.Debug|Any CPU.Build.0 = Debug|Any CPU
		{16042710-B559-41AF-BF40-96413C222258}.Release|Any CPU.ActiveCfg = Release|Any CPU
		{16042710-B559-41AF-BF40-96413C222258}.Release|Any CPU.Build.0 = Release|Any CPU
		{8BFB1E12-7C7D-4800-AD8B-21B9BB9DC592}.Debug|Any CPU.ActiveCfg = Debug|Any CPU
		{8BFB1E12-7C7D-4800-AD8B-21B9BB9DC592}.Debug|Any CPU.Build.0 = Debug|Any CPU
		{8BFB1E12-7C7D-4800-AD8B-21B9BB9DC592}.Release|Any CPU.ActiveCfg = Release|Any CPU
		{8BFB1E12-7C7D-4800-AD8B-21B9BB9DC592}.Release|Any CPU.Build.0 = Release|Any CPU
		{656CC43D-D914-40AF-826E-E87D178AE4BA}.Debug|Any CPU.ActiveCfg = Debug|Any CPU
		{656CC43D-D914-40AF-826E-E87D178AE4BA}.Debug|Any CPU.Build.0 = Debug|Any CPU
		{656CC43D-D914-40AF-826E-E87D178AE4BA}.Release|Any CPU.ActiveCfg = Release|Any CPU
		{656CC43D-D914-40AF-826E-E87D178AE4BA}.Release|Any CPU.Build.0 = Release|Any CPU
		{766BA59A-0982-4429-A32A-4F50A6F49C99}.Debug|Any CPU.ActiveCfg = Debug|Any CPU
		{766BA59A-0982-4429-A32A-4F50A6F49C99}.Debug|Any CPU.Build.0 = Debug|Any CPU
		{766BA59A-0982-4429-A32A-4F50A6F49C99}.Release|Any CPU.ActiveCfg = Release|Any CPU
		{766BA59A-0982-4429-A32A-4F50A6F49C99}.Release|Any CPU.Build.0 = Release|Any CPU
		{7C02D1E7-F613-4C7C-9C78-C146E12FAD98}.Debug|Any CPU.ActiveCfg = Debug|Any CPU
		{7C02D1E7-F613-4C7C-9C78-C146E12FAD98}.Debug|Any CPU.Build.0 = Debug|Any CPU
		{7C02D1E7-F613-4C7C-9C78-C146E12FAD98}.Release|Any CPU.ActiveCfg = Release|Any CPU
		{7C02D1E7-F613-4C7C-9C78-C146E12FAD98}.Release|Any CPU.Build.0 = Release|Any CPU
		{1D90B769-1AE4-481C-BB30-EC55D8DC7833}.Debug|Any CPU.ActiveCfg = Debug|Any CPU
		{1D90B769-1AE4-481C-BB30-EC55D8DC7833}.Debug|Any CPU.Build.0 = Debug|Any CPU
		{1D90B769-1AE4-481C-BB30-EC55D8DC7833}.Release|Any CPU.ActiveCfg = Release|Any CPU
		{1D90B769-1AE4-481C-BB30-EC55D8DC7833}.Release|Any CPU.Build.0 = Release|Any CPU
		{63D139AD-C0EA-40FE-BDDE-E5831FB732C8}.Debug|Any CPU.ActiveCfg = Debug|Any CPU
		{63D139AD-C0EA-40FE-BDDE-E5831FB732C8}.Debug|Any CPU.Build.0 = Debug|Any CPU
		{63D139AD-C0EA-40FE-BDDE-E5831FB732C8}.Release|Any CPU.ActiveCfg = Release|Any CPU
		{63D139AD-C0EA-40FE-BDDE-E5831FB732C8}.Release|Any CPU.Build.0 = Release|Any CPU
		{8DE68208-B849-496D-BA6F-CED73CDB3F19}.Debug|Any CPU.ActiveCfg = Debug|Any CPU
		{8DE68208-B849-496D-BA6F-CED73CDB3F19}.Debug|Any CPU.Build.0 = Debug|Any CPU
		{8DE68208-B849-496D-BA6F-CED73CDB3F19}.Release|Any CPU.ActiveCfg = Release|Any CPU
		{8DE68208-B849-496D-BA6F-CED73CDB3F19}.Release|Any CPU.Build.0 = Release|Any CPU
		{20833895-F05D-4E4B-A02E-E69E1A2AB2D4}.Debug|Any CPU.ActiveCfg = Debug|Any CPU
		{20833895-F05D-4E4B-A02E-E69E1A2AB2D4}.Debug|Any CPU.Build.0 = Debug|Any CPU
		{20833895-F05D-4E4B-A02E-E69E1A2AB2D4}.Release|Any CPU.ActiveCfg = Release|Any CPU
		{20833895-F05D-4E4B-A02E-E69E1A2AB2D4}.Release|Any CPU.Build.0 = Release|Any CPU
		{481EEF07-C50C-46D0-B9E1-CBC4913D5DAD}.Debug|Any CPU.ActiveCfg = Debug|Any CPU
		{481EEF07-C50C-46D0-B9E1-CBC4913D5DAD}.Debug|Any CPU.Build.0 = Debug|Any CPU
		{481EEF07-C50C-46D0-B9E1-CBC4913D5DAD}.Release|Any CPU.ActiveCfg = Release|Any CPU
		{481EEF07-C50C-46D0-B9E1-CBC4913D5DAD}.Release|Any CPU.Build.0 = Release|Any CPU
		{E7EBC7D8-D4B0-4D77-86A7-5203A9F3D167}.Debug|Any CPU.ActiveCfg = Debug|Any CPU
		{E7EBC7D8-D4B0-4D77-86A7-5203A9F3D167}.Debug|Any CPU.Build.0 = Debug|Any CPU
		{E7EBC7D8-D4B0-4D77-86A7-5203A9F3D167}.Release|Any CPU.ActiveCfg = Release|Any CPU
		{E7EBC7D8-D4B0-4D77-86A7-5203A9F3D167}.Release|Any CPU.Build.0 = Release|Any CPU
	EndGlobalSection
	GlobalSection(SolutionProperties) = preSolution
		HideSolutionNode = FALSE
	EndGlobalSection
	GlobalSection(NestedProjects) = preSolution
		{AE003D02-7907-4801-B807-0505ACB6570F} = {02EA681E-C7D8-13C7-8484-4AC65E1B71E8}
		{74E23EDE-6B7C-4A83-A2A7-9396E2210765} = {02EA681E-C7D8-13C7-8484-4AC65E1B71E8}
		{A7BE40E1-BE66-460C-9427-DFC5F27E12C8} = {02EA681E-C7D8-13C7-8484-4AC65E1B71E8}
		{D78297AE-5C10-4684-B4B8-6E4D2C3C5E96} = {1C29AABB-90CA-46CB-B1B8-733EFFDF4FC9}
		{16042710-B559-41AF-BF40-96413C222258} = {1C29AABB-90CA-46CB-B1B8-733EFFDF4FC9}
		{8BFB1E12-7C7D-4800-AD8B-21B9BB9DC592} = {1C29AABB-90CA-46CB-B1B8-733EFFDF4FC9}
		{656CC43D-D914-40AF-826E-E87D178AE4BA} = {C83E624B-0F7D-4A44-A595-E94545272980}
		{766BA59A-0982-4429-A32A-4F50A6F49C99} = {C83E624B-0F7D-4A44-A595-E94545272980}
		{7C02D1E7-F613-4C7C-9C78-C146E12FAD98} = {C83E624B-0F7D-4A44-A595-E94545272980}
		{1D90B769-1AE4-481C-BB30-EC55D8DC7833} = {9B1844E4-3D5C-415C-A715-96857B654994}
		{63D139AD-C0EA-40FE-BDDE-E5831FB732C8} = {9B1844E4-3D5C-415C-A715-96857B654994}
		{8DE68208-B849-496D-BA6F-CED73CDB3F19} = {9B1844E4-3D5C-415C-A715-96857B654994}
		{20833895-F05D-4E4B-A02E-E69E1A2AB2D4} = {8C8F8FDC-7CCD-4D16-91B7-FC5FC129DF1F}
		{481EEF07-C50C-46D0-B9E1-CBC4913D5DAD} = {8C8F8FDC-7CCD-4D16-91B7-FC5FC129DF1F}
		{E7EBC7D8-D4B0-4D77-86A7-5203A9F3D167} = {8C8F8FDC-7CCD-4D16-91B7-FC5FC129DF1F}
	EndGlobalSection
	GlobalSection(ExtensibilityGlobals) = postSolution
		SolutionGuid = {A435800D-7D1A-4B3E-A990-679D5F63AC3E}
	EndGlobalSection
EndGlobal
